
Microsoft Visual Studio Solution File, Format Version 12.00
# Visual Studio Version 16
VisualStudioVersion = 16.0.29123.88
MinimumVisualStudioVersion = 10.0.40219.1
Project("{FAE04EC0-301F-11D3-BF4B-00C04F79EFBC}") = "Cwiczenie1", "Cwiczenie1\Cwiczenie1.csproj", "{38EDA184-16A1-4100-AE1D-A866839C5B96}"
EndProject
Global
	GlobalSection(SolutionConfigurationPlatforms) = preSolution
		Debug|Any CPU = Debug|Any CPU
		Release|Any CPU = Release|Any CPU
	EndGlobalSection
	GlobalSection(ProjectConfigurationPlatforms) = postSolution
		{38EDA184-16A1-4100-AE1D-A866839C5B96}.Debug|Any CPU.ActiveCfg = Debug|Any CPU
		{38EDA184-16A1-4100-AE1D-A866839C5B96}.Debug|Any CPU.Build.0 = Debug|Any CPU
		{38EDA184-16A1-4100-AE1D-A866839C5B96}.Release|Any CPU.ActiveCfg = Release|Any CPU
		{38EDA184-16A1-4100-AE1D-A866839C5B96}.Release|Any CPU.Build.0 = Release|Any CPU
	EndGlobalSection
	GlobalSection(SolutionProperties) = preSolution
		HideSolutionNode = FALSE
	EndGlobalSection
	GlobalSection(ExtensibilityGlobals) = postSolution
		SolutionGuid = {708DB004-61F1-406B-BD33-4185BBB53092}
	EndGlobalSection
EndGlobal
